
Microsoft Visual Studio Solution File, Format Version 12.00
# Visual Studio Version 17
VisualStudioVersion = 17.5.33502.453
MinimumVisualStudioVersion = 10.0.40219.1
Project("{9A19103F-16F7-4668-BE54-9A1E7A4F7556}") = "AngularBackend", "AngularBackend\AngularBackend.csproj", "{D1CD4B64-F038-4E6E-A96F-931E5A669671}"
EndProject
Project("{9A19103F-16F7-4668-BE54-9A1E7A4F7556}") = "BusinessAccessLayer", "BusinessDataLAyer\BusinessAccessLayer.csproj", "{3011BF87-6FCB-4F37-9798-EB010724AC94}"
EndProject
Project("{9A19103F-16F7-4668-BE54-9A1E7A4F7556}") = "DataAccessLayer", "DataAccessLayer\DataAccessLayer.csproj", "{629129BC-043A-4655-AAB0-02DE3E77C3D1}"
EndProject
Global
	GlobalSection(SolutionConfigurationPlatforms) = preSolution
		Debug|Any CPU = Debug|Any CPU
		Release|Any CPU = Release|Any CPU
	EndGlobalSection
	GlobalSection(ProjectConfigurationPlatforms) = postSolution
		{D1CD4B64-F038-4E6E-A96F-931E5A669671}.Debug|Any CPU.ActiveCfg = Debug|Any CPU
		{D1CD4B64-F038-4E6E-A96F-931E5A669671}.Debug|Any CPU.Build.0 = Debug|Any CPU
		{D1CD4B64-F038-4E6E-A96F-931E5A669671}.Release|Any CPU.ActiveCfg = Release|Any CPU
		{D1CD4B64-F038-4E6E-A96F-931E5A669671}.Release|Any CPU.Build.0 = Release|Any CPU
		{3011BF87-6FCB-4F37-9798-EB010724AC94}.Debug|Any CPU.ActiveCfg = Debug|Any CPU
		{3011BF87-6FCB-4F37-9798-EB010724AC94}.Debug|Any CPU.Build.0 = Debug|Any CPU
		{3011BF87-6FCB-4F37-9798-EB010724AC94}.Release|Any CPU.ActiveCfg = Release|Any CPU
		{3011BF87-6FCB-4F37-9798-EB010724AC94}.Release|Any CPU.Build.0 = Release|Any CPU
		{629129BC-043A-4655-AAB0-02DE3E77C3D1}.Debug|Any CPU.ActiveCfg = Debug|Any CPU
		{629129BC-043A-4655-AAB0-02DE3E77C3D1}.Debug|Any CPU.Build.0 = Debug|Any CPU
		{629129BC-043A-4655-AAB0-02DE3E77C3D1}.Release|Any CPU.ActiveCfg = Release|Any CPU
		{629129BC-043A-4655-AAB0-02DE3E77C3D1}.Release|Any CPU.Build.0 = Release|Any CPU
	EndGlobalSection
	GlobalSection(SolutionProperties) = preSolution
		HideSolutionNode = FALSE
	EndGlobalSection
	GlobalSection(ExtensibilityGlobals) = postSolution
		SolutionGuid = {8E3242F7-302B-4086-ADF7-BD746095FBD0}
	EndGlobalSection
EndGlobal
